PODS:
  - Alamofire (5.5.0)
  - Charts (4.0.3):
    - Charts/Core (= 4.0.3)
  - Charts/Core (4.0.3):
    - SwiftAlgorithms (~> 1.0)
  - SwiftAlgorithms (1.0.0)

DEPENDENCIES:
  - Alamofire
  - Charts

SPEC REPOS:
  trunk:
    - Alamofire
    - Charts
    - SwiftAlgorithms

SPEC CHECKSUMS:
  Alamofire: 1c4fb5369c3fe93d2857c780d8bbe09f06f97e7c
  Charts: d959d6723c8eedfdd0735dfc28cb0a71762ac4d9
  SwiftAlgorithms: 38dda4731d19027fdeee1125f973111bf3386b53

PODFILE CHECKSUM: a7b311448fec84eb4713dfeb7333c9b1d7fc5bf0

COCOAPODS: 1.11.2
